// !$*UTF8*$!
{
	archiveVersion = 1;
	classes = {
	};
	objectVersion = 46;
	objects = {

/* Begin PBXBuildFile section */
		8FC5B2781C48B74E000E2869 /* AppDelegate.swift in Sources */ = {isa = PBXBuildFile; fileRef = 8FC5B2771C48B74E000E2869 /* AppDelegate.swift */; };
		8FC5B27A1C48B74E000E2869 /* ViewController.swift in Sources */ = {isa = PBXBuildFile; fileRef = 8FC5B2791C48B74E000E2869 /* ViewController.swift */; };
		8FC5B27D1C48B74E000E2869 /* Main.storyboard in Resources */ = {isa = PBXBuildFile; fileRef = 8FC5B27B1C48B74E000E2869 /* Main.storyboard */; };
		8FC5B27F1C48B74E000E2869 /* Assets.xcassets in Resources */ = {isa = PBXBuildFile; fileRef = 8FC5B27E1C48B74E000E2869 /* Assets.xcassets */; };
		8FC5B2821C48B74E000E2869 /* LaunchScreen.storyboard in Resources */ = {isa = PBXBuildFile; fileRef = 8FC5B2801C48B74E000E2869 /* LaunchScreen.storyboard */; };
		8FC5B28A1C48B784000E2869 /* Parse.framework in Frameworks */ = {isa = PBXBuildFile; fileRef = 8FC5B2891C48B784000E2869 /* Parse.framework */; };
		8FC5B28C1C48B7C9000E2869 /* Bolts.framework in Frameworks */ = {isa = PBXBuildFile; fileRef = 8FC5B28B1C48B7C9000E2869 /* Bolts.framework */; };
		8FC5B2921C48B7FC000E2869 /* ParseFacebookUtils.framework in Frameworks */ = {isa = PBXBuildFile; fileRef = 8FC5B28E1C48B7FC000E2869 /* ParseFacebookUtils.framework */; };
		8FC5B2931C48B7FC000E2869 /* ParseFacebookUtilsV4.framework in Frameworks */ = {isa = PBXBuildFile; fileRef = 8FC5B28F1C48B7FC000E2869 /* ParseFacebookUtilsV4.framework */; };
		8FC5B2941C48B7FC000E2869 /* ParseTwitterUtils.framework in Frameworks */ = {isa = PBXBuildFile; fileRef = 8FC5B2901C48B7FC000E2869 /* ParseTwitterUtils.framework */; };
		8FC5B2951C48B7FC000E2869 /* ParseUI.framework in Frameworks */ = {isa = PBXBuildFile; fileRef = 8FC5B2911C48B7FC000E2869 /* ParseUI.framework */; };
		8FC5B2971C48B80A000E2869 /* AudioToolbox.framework in Frameworks */ = {isa = PBXBuildFile; fileRef = 8FC5B2961C48B80A000E2869 /* AudioToolbox.framework */; };
		8FC5B2991C48B813000E2869 /* CFNetwork.framework in Frameworks */ = {isa = PBXBuildFile; fileRef = 8FC5B2981C48B813000E2869 /* CFNetwork.framework */; };
		8FC5B29B1C48B81D000E2869 /* CoreGraphics.framework in Frameworks */ = {isa = PBXBuildFile; fileRef = 8FC5B29A1C48B81D000E2869 /* CoreGraphics.framework */; };
		8FC5B29D1C48B823000E2869 /* CoreLocation.framework in Frameworks */ = {isa = PBXBuildFile; fileRef = 8FC5B29C1C48B823000E2869 /* CoreLocation.framework */; };
		8FC5B29F1C48B827000E2869 /* QuartzCore.framework in Frameworks */ = {isa = PBXBuildFile; fileRef = 8FC5B29E1C48B827000E2869 /* QuartzCore.framework */; };
		8FC5B2A11C48B82C000E2869 /* Security.framework in Frameworks */ = {isa = PBXBuildFile; fileRef = 8FC5B2A01C48B82C000E2869 /* Security.framework */; };
		8FC5B2A31C48B832000E2869 /* StoreKit.framework in Frameworks */ = {isa = PBXBuildFile; fileRef = 8FC5B2A21C48B832000E2869 /* StoreKit.framework */; };
		8FC5B2A51C48B837000E2869 /* SystemConfiguration.framework in Frameworks */ = {isa = PBXBuildFile; fileRef = 8FC5B2A41C48B837000E2869 /* SystemConfiguration.framework */; };
		8FC5B2A71C48B83E000E2869 /* libz.tbd in Frameworks */ = {isa = PBXBuildFile; fileRef = 8FC5B2A61C48B83E000E2869 /* libz.tbd */; };
		8FC5B2A91C48B845000E2869 /* libsqlite3.tbd in Frameworks */ = {isa = PBXBuildFile; fileRef = 8FC5B2A81C48B845000E2869 /* libsqlite3.tbd */; };
/* End PBXBuildFile section */

/* Begin PBXFileReference section */
		8FC5B2741C48B74E000E2869 /* AsuraIOS.app */ = {isa = PBXFileReference; explicitFileType = wrapper.application; includeInIndex = 0; path = AsuraIOS.app; sourceTree = BUILT_PRODUCTS_DIR; };
		8FC5B2771C48B74E000E2869 /* AppDelegate.swift */ = {isa = PBXFileReference; lastKnownFileType = sourcecode.swift; path = AppDelegate.swift; sourceTree = "<group>"; };
		8FC5B2791C48B74E000E2869 /* ViewController.swift */ = {isa = PBXFileReference; lastKnownFileType = sourcecode.swift; path = ViewController.swift; sourceTree = "<group>"; };
		8FC5B27C1C48B74E000E2869 /* Base */ = {isa = PBXFileReference; lastKnownFileType = file.storyboard; name = Base; path = Base.lproj/Main.storyboard; sourceTree = "<group>"; };
		8FC5B27E1C48B74E000E2869 /* Assets.xcassets */ = {isa = PBXFileReference; lastKnownFileType = folder.assetcatalog; path = Assets.xcassets; sourceTree = "<group>"; };
		8FC5B2811C48B74E000E2869 /* Base */ = {isa = PBXFileReference; lastKnownFileType = file.storyboard; name = Base; path = Base.lproj/LaunchScreen.storyboard; sourceTree = "<group>"; };
		8FC5B2831C48B74E000E2869 /* Info.plist */ = {isa = PBXFileReference; lastKnownFileType = text.plist.xml; path = Info.plist; sourceTree = "<group>"; };
		8FC5B2891C48B784000E2869 /* Parse.framework */ = {isa = PBXFileReference; lastKnownFileType = wrapper.framework; path = Parse.framework; sourceTree = "<group>"; };
		8FC5B28B1C48B7C9000E2869 /* Bolts.framework */ = {isa = PBXFileReference; lastKnownFileType = wrapper.framework; path = Bolts.framework; sourceTree = "<group>"; };
		8FC5B28E1C48B7FC000E2869 /* ParseFacebookUtils.framework */ = {isa = PBXFileReference; lastKnownFileType = wrapper.framework; path = ParseFacebookUtils.framework; sourceTree = "<group>"; };
		8FC5B28F1C48B7FC000E2869 /* ParseFacebookUtilsV4.framework */ = {isa = PBXFileReference; lastKnownFileType = wrapper.framework; path = ParseFacebookUtilsV4.framework; sourceTree = "<group>"; };
		8FC5B2901C48B7FC000E2869 /* ParseTwitterUtils.framework */ = {isa = PBXFileReference; lastKnownFileType = wrapper.framework; path = ParseTwitterUtils.framework; sourceTree = "<group>"; };
		8FC5B2911C48B7FC000E2869 /* ParseUI.framework */ = {isa = PBXFileReference; lastKnownFileType = wrapper.framework; path = ParseUI.framework; sourceTree = "<group>"; };
		8FC5B2961C48B80A000E2869 /* AudioToolbox.framework */ = {isa = PBXFileReference; lastKnownFileType = wrapper.framework; name = AudioToolbox.framework; path = System/Library/Frameworks/AudioToolbox.framework; sourceTree = SDKROOT; };
		8FC5B2981C48B813000E2869 /* CFNetwork.framework */ = {isa = PBXFileReference; lastKnownFileType = wrapper.framework; name = CFNetwork.framework; path = System/Library/Frameworks/CFNetwork.framework; sourceTree = SDKROOT; };
		8FC5B29A1C48B81D000E2869 /* CoreGraphics.framework */ = {isa = PBXFileReference; lastKnownFileType = wrapper.framework; name = CoreGraphics.framework; path = System/Library/Frameworks/CoreGraphics.framework; sourceTree = SDKROOT; };
		8FC5B29C1C48B823000E2869 /* CoreLocation.framework */ = {isa = PBXFileReference; lastKnownFileType = wrapper.framework; name = CoreLocation.framework; path = System/Library/Frameworks/CoreLocation.framework; sourceTree = SDKROOT; };
		8FC5B29E1C48B827000E2869 /* QuartzCore.framework */ = {isa = PBXFileReference; lastKnownFileType = wrapper.framework; name = QuartzCore.framework; path = System/Library/Frameworks/QuartzCore.framework; sourceTree = SDKROOT; };
		8FC5B2A01C48B82C000E2869 /* Security.framework */ = {isa = PBXFileReference; lastKnownFileType = wrapper.framework; name = Security.framework; path = System/Library/Frameworks/Security.framework; sourceTree = SDKROOT; };
		8FC5B2A21C48B832000E2869 /* StoreKit.framework */ = {isa = PBXFileReference; lastKnownFileType = wrapper.framework; name = StoreKit.framework; path = System/Library/Frameworks/StoreKit.framework; sourceTree = SDKROOT; };
		8FC5B2A41C48B837000E2869 /* SystemConfiguration.framework */ = {isa = PBXFileReference; lastKnownFileType = wrapper.framework; name = SystemConfiguration.framework; path = System/Library/Frameworks/SystemConfiguration.framework; sourceTree = SDKROOT; };
		8FC5B2A61C48B83E000E2869 /* libz.tbd */ = {isa = PBXFileReference; lastKnownFileType = "sourcecode.text-based-dylib-definition"; name = libz.tbd; path = usr/lib/libz.tbd; sourceTree = SDKROOT; };
		8FC5B2A81C48B845000E2869 /* libsqlite3.tbd */ = {isa = PBXFileReference; lastKnownFileType = "sourcecode.text-based-dylib-definition"; name = libsqlite3.tbd; path = usr/lib/libsqlite3.tbd; sourceTree = SDKROOT; };
/* End PBXFileReference section */

/* Begin PBXFrameworksBuildPhase section */
		8FC5B2711C48B74E000E2869 /* Frameworks */ = {
			isa = PBXFrameworksBuildPhase;
			buildActionMask = 2147483647;
			files = (
				8FC5B2A91C48B845000E2869 /* libsqlite3.tbd in Frameworks */,
				8FC5B2A71C48B83E000E2869 /* libz.tbd in Frameworks */,
				8FC5B2A51C48B837000E2869 /* SystemConfiguration.framework in Frameworks */,
				8FC5B2A31C48B832000E2869 /* StoreKit.framework in Frameworks */,
				8FC5B2A11C48B82C000E2869 /* Security.framework in Frameworks */,
				8FC5B29F1C48B827000E2869 /* QuartzCore.framework in Frameworks */,
				8FC5B29D1C48B823000E2869 /* CoreLocation.framework in Frameworks */,
				8FC5B29B1C48B81D000E2869 /* CoreGraphics.framework in Frameworks */,
				8FC5B2991C48B813000E2869 /* CFNetwork.framework in Frameworks */,
				8FC5B2971C48B80A000E2869 /* AudioToolbox.framework in Frameworks */,
				8FC5B2951C48B7FC000E2869 /* ParseUI.framework in Frameworks */,
				8FC5B28A1C48B784000E2869 /* Parse.framework in Frameworks */,
				8FC5B28C1C48B7C9000E2869 /* Bolts.framework in Frameworks */,
				8FC5B2931C48B7FC000E2869 /* ParseFacebookUtilsV4.framework in Frameworks */,
				8FC5B2921C48B7FC000E2869 /* ParseFacebookUtils.framework in Frameworks */,
				8FC5B2941C48B7FC000E2869 /* ParseTwitterUtils.framework in Frameworks */,
			);
			runOnlyForDeploymentPostprocessing = 0;
		};
/* End PBXFrameworksBuildPhase section */

/* Begin PBXGroup section */
		8FC5B26B1C48B74E000E2869 = {
			isa = PBXGroup;
			children = (
				8FC5B2761C48B74E000E2869 /* AsuraIOS */,
				8FC5B2751C48B74E000E2869 /* Products */,
				8FC5B28D1C48B7D1000E2869 /* Frameworks */,
			);
			sourceTree = "<group>";
		};
		8FC5B2751C48B74E000E2869 /* Products */ = {
			isa = PBXGroup;
			children = (
				8FC5B2741C48B74E000E2869 /* AsuraIOS.app */,
			);
			name = Products;
			sourceTree = "<group>";
		};
		8FC5B2761C48B74E000E2869 /* AsuraIOS */ = {
			isa = PBXGroup;
			children = (
				8FC5B2771C48B74E000E2869 /* AppDelegate.swift */,
				8FC5B2791C48B74E000E2869 /* ViewController.swift */,
				8FC5B27B1C48B74E000E2869 /* Main.storyboard */,
				8FC5B27E1C48B74E000E2869 /* Assets.xcassets */,
				8FC5B2801C48B74E000E2869 /* LaunchScreen.storyboard */,
				8FC5B2831C48B74E000E2869 /* Info.plist */,
			);
			path = AsuraIOS;
			sourceTree = "<group>";
		};
		8FC5B28D1C48B7D1000E2869 /* Frameworks */ = {
			isa = PBXGroup;
			children = (
				8FC5B2A81C48B845000E2869 /* libsqlite3.tbd */,
				8FC5B2A61C48B83E000E2869 /* libz.tbd */,
				8FC5B2A41C48B837000E2869 /* SystemConfiguration.framework */,
				8FC5B2A21C48B832000E2869 /* StoreKit.framework */,
				8FC5B2A01C48B82C000E2869 /* Security.framework */,
				8FC5B29E1C48B827000E2869 /* QuartzCore.framework */,
				8FC5B29C1C48B823000E2869 /* CoreLocation.framework */,
				8FC5B29A1C48B81D000E2869 /* CoreGraphics.framework */,
				8FC5B2981C48B813000E2869 /* CFNetwork.framework */,
				8FC5B2961C48B80A000E2869 /* AudioToolbox.framework */,
				8FC5B28E1C48B7FC000E2869 /* ParseFacebookUtils.framework */,
				8FC5B28F1C48B7FC000E2869 /* ParseFacebookUtilsV4.framework */,
				8FC5B2901C48B7FC000E2869 /* ParseTwitterUtils.framework */,
				8FC5B2911C48B7FC000E2869 /* ParseUI.framework */,
				8FC5B28B1C48B7C9000E2869 /* Bolts.framework */,
				8FC5B2891C48B784000E2869 /* Parse.framework */,
			);
			name = Frameworks;
			sourceTree = "<group>";
		};
/* End PBXGroup section */

/* Begin PBXNativeTarget section */
		8FC5B2731C48B74E000E2869 /* AsuraIOS */ = {
			isa = PBXNativeTarget;
			buildConfigurationList = 8FC5B2861C48B74E000E2869 /* Build configuration list for PBXNativeTarget "AsuraIOS" */;
			buildPhases = (
				8FC5B2701C48B74E000E2869 /* Sources */,
				8FC5B2711C48B74E000E2869 /* Frameworks */,
				8FC5B2721C48B74E000E2869 /* Resources */,
			);
			buildRules = (
			);
			dependencies = (
			);
			name = AsuraIOS;
			productName = AsuraIOS;
			productReference = 8FC5B2741C48B74E000E2869 /* AsuraIOS.app */;
			productType = "com.apple.product-type.application";
		};
/* End PBXNativeTarget section */

/* Begin PBXProject section */
		8FC5B26C1C48B74E000E2869 /* Project object */ = {
			isa = PBXProject;
			attributes = {
				LastSwiftUpdateCheck = 0720;
				LastUpgradeCheck = 0720;
				ORGANIZATIONNAME = "David Lin";
				TargetAttributes = {
					8FC5B2731C48B74E000E2869 = {
						CreatedOnToolsVersion = 7.2;
					};
				};
			};
			buildConfigurationList = 8FC5B26F1C48B74E000E2869 /* Build configuration list for PBXProject "AsuraIOS" */;
			compatibilityVersion = "Xcode 3.2";
			developmentRegion = English;
			hasScannedForEncodings = 0;
			knownRegions = (
				en,
				Base,
			);
			mainGroup = 8FC5B26B1C48B74E000E2869;
			productRefGroup = 8FC5B2751C48B74E000E2869 /* Products */;
			projectDirPath = "";
			projectRoot = "";
			targets = (
				8FC5B2731C48B74E000E2869 /* AsuraIOS */,
			);
		};
/* End PBXProject section */

/* Begin PBXResourcesBuildPhase section */
		8FC5B2721C48B74E000E2869 /* Resources */ = {
			isa = PBXResourcesBuildPhase;
			buildActionMask = 2147483647;
			files = (
				8FC5B2821C48B74E000E2869 /* LaunchScreen.storyboard in Resources */,
				8FC5B27F1C48B74E000E2869 /* Assets.xcassets in Resources */,
				8FC5B27D1C48B74E000E2869 /* Main.storyboard in Resources */,
			);
			runOnlyForDeploymentPostprocessing = 0;
		};
/* End PBXResourcesBuildPhase section */

/* Begin PBXSourcesBuildPhase section */
		8FC5B2701C48B74E000E2869 /* Sources */ = {
			isa = PBXSourcesBuildPhase;
			buildActionMask = 2147483647;
			files = (
				8FC5B27A1C48B74E000E2869 /* ViewController.swift in Sources */,
				8FC5B2781C48B74E000E2869 /* AppDelegate.swift in Sources */,
			);
			runOnlyForDeploymentPostprocessing = 0;
		};
/* End PBXSourcesBuildPhase section */

/* Begin PBXVariantGroup section */
		8FC5B27B1C48B74E000E2869 /* Main.storyboard */ = {
			isa = PBXVariantGroup;
			children = (
				8FC5B27C1C48B74E000E2869 /* Base */,
			);
			name = Main.storyboard;
			sourceTree = "<group>";
		};
		8FC5B2801C48B74E000E2869 /* LaunchScreen.storyboard */ = {
			isa = PBXVariantGroup;
			children = (
				8FC5B2811C48B74E000E2869 /* Base */,
			);
			name = LaunchScreen.storyboard;
			sourceTree = "<group>";
		};
/* End PBXVariantGroup section */

/* Begin XCBuildConfiguration section */
		8FC5B2841C48B74E000E2869 /* Debug */ = {
			isa = XCBuildConfiguration;
			buildSettings = {
				ALWAYS_SEARCH_USER_PATHS = NO;
				CLANG_CXX_LANGUAGE_STANDARD = "gnu++0x";
				CLANG_CXX_LIBRARY = "libc++";
				CLANG_ENABLE_MODULES = YES;
				CLANG_ENABLE_OBJC_ARC = YES;
				CLANG_WARN_BOOL_CONVERSION = YES;
				CLANG_WARN_CONSTANT_CONVERSION = YES;
				CLANG_WARN_DIRECT_OBJC_ISA_USAGE = YES_ERROR;
				CLANG_WARN_EMPTY_BODY = YES;
				CLANG_WARN_ENUM_CONVERSION = YES;
				CLANG_WARN_INT_CONVERSION = YES;
				CLANG_WARN_OBJC_ROOT_CLASS = YES_ERROR;
				CLANG_WARN_UNREACHABLE_CODE = YES;
				CLANG_WARN__DUPLICATE_METHOD_MATCH = YES;
				"CODE_SIGN_IDENTITY[sdk=iphoneos*]" = "iPhone Developer";
				COPY_PHASE_STRIP = NO;
				DEBUG_INFORMATION_FORMAT = dwarf;
				ENABLE_STRICT_OBJC_MSGSEND = YES;
				ENABLE_TESTABILITY = YES;
				GCC_C_LANGUAGE_STANDARD = gnu99;
				GCC_DYNAMIC_NO_PIC = NO;
				GCC_NO_COMMON_BLOCKS = YES;
				GCC_OPTIMIZATION_LEVEL = 0;
				GCC_PREPROCESSOR_DEFINITIONS = (
					"DEBUG=1",
					"$(inherited)",
				);
				GCC_WARN_64_TO_32_BIT_CONVERSION = YES;
				GCC_WARN_ABOUT_RETURN_TYPE = YES_ERROR;
				GCC_WARN_UNDECLARED_SELECTOR = YES;
				GCC_WARN_UNINITIALIZED_AUTOS = YES_AGGRESSIVE;
				GCC_WARN_UNUSED_FUNCTION = YES;
				GCC_WARN_UNUSED_VARIABLE = YES;
				IPHONEOS_DEPLOYMENT_TARGET = 9.2;
				MTL_ENABLE_DEBUG_INFO = YES;
				ONLY_ACTIVE_ARCH = YES;
				SDKROOT = iphoneos;
				SWIFT_OPTIMIZATION_LEVEL = "-Onone";
				TARGETED_DEVICE_FAMILY = "1,2";
			};
			name = Debug;
		};
		8FC5B2851C48B74E000E2869 /* Release */ = {
			isa = XCBuildConfiguration;
			buildSettings = {
				ALWAYS_SEARCH_USER_PATHS = NO;
				CLANG_CXX_LANGUAGE_STANDARD = "gnu++0x";
				CLANG_CXX_LIBRARY = "libc++";
				CLANG_ENABLE_MODULES = YES;
				CLANG_ENABLE_OBJC_ARC = YES;
				CLANG_WARN_BOOL_CONVERSION = YES;
				CLANG_WARN_CONSTANT_CONVERSION = YES;
				CLANG_WARN_DIRECT_OBJC_ISA_USAGE = YES_ERROR;
				CLANG_WARN_EMPTY_BODY = YES;
				CLANG_WARN_ENUM_CONVERSION = YES;
				CLANG_WARN_INT_CONVERSION = YES;
				CLANG_WARN_OBJC_ROOT_CLASS = YES_ERROR;
				CLANG_WARN_UNREACHABLE_CODE = YES;
				CLANG_WARN__DUPLICATE_METHOD_MATCH = YES;
				"CODE_SIGN_IDENTITY[sdk=iphoneos*]" = "iPhone Developer";
				COPY_PHASE_STRIP = NO;
				DEBUG_INFORMATION_FORMAT = "dwarf-with-dsym";
				ENABLE_NS_ASSERTIONS = NO;
				ENABLE_STRICT_OBJC_MSGSEND = YES;
				GCC_C_LANGUAGE_STANDARD = gnu99;
				GCC_NO_COMMON_BLOCKS = YES;
				GCC_WARN_64_TO_32_BIT_CONVERSION = YES;
				GCC_WARN_ABOUT_RETURN_TYPE = YES_ERROR;
				GCC_WARN_UNDECLARED_SELECTOR = YES;
				GCC_WARN_UNINITIALIZED_AUTOS = YES_AGGRESSIVE;
				GCC_WARN_UNUSED_FUNCTION = YES;
				GCC_WARN_UNUSED_VARIABLE = YES;
				IPHONEOS_DEPLOYMENT_TARGET = 9.2;
				MTL_ENABLE_DEBUG_INFO = NO;
				SDKROOT = iphoneos;
				TARGETED_DEVICE_FAMILY = "1,2";
				VALIDATE_PRODUCT = YES;
			};
			name = Release;
		};
		8FC5B2871C48B74E000E2869 /* Debug */ = {
			isa = XCBuildConfiguration;
			buildSettings = {
				ASSETCATALOG_COMPILER_APPICON_NAME = AppIcon;
				FRAMEWORK_SEARCH_PATHS = (
					"$(inherited)",
					"$(PROJECT_DIR)",
				);
				INFOPLIST_FILE = AsuraIOS/Info.plist;
				LD_RUNPATH_SEARCH_PATHS = "$(inherited) @executable_path/Frameworks";
				PRODUCT_BUNDLE_IDENTIFIER = com.DavidLin.AsuraIOS;
				PRODUCT_NAME = "$(TARGET_NAME)";
			};
			name = Debug;
		};
		8FC5B2881C48B74E000E2869 /* Release */ = {
			isa = XCBuildConfiguration;
			buildSettings = {
				ASSETCATALOG_COMPILER_APPICON_NAME = AppIcon;
				FRAMEWORK_SEARCH_PATHS = (
					"$(inherited)",
					"$(PROJECT_DIR)",
				);
				INFOPLIST_FILE = AsuraIOS/Info.plist;
				LD_RUNPATH_SEARCH_PATHS = "$(inherited) @executable_path/Frameworks";
				PRODUCT_BUNDLE_IDENTIFIER = com.DavidLin.AsuraIOS;
				PRODUCT_NAME = "$(TARGET_NAME)";
			};
			name = Release;
		};
/* End XCBuildConfiguration section */

/* Begin XCConfigurationList section */
		8FC5B26F1C48B74E000E2869 /* Build configuration list for PBXProject "AsuraIOS" */ = {
			isa = XCConfigurationList;
			buildConfigurations = (
				8FC5B2841C48B74E000E2869 /* Debug */,
				8FC5B2851C48B74E000E2869 /* Release */,
			);
			defaultConfigurationIsVisible = 0;
			defaultConfigurationName = Release;
		};
		8FC5B2861C48B74E000E2869 /* Build configuration list for PBXNativeTarget "AsuraIOS" */ = {
			isa = XCConfigurationList;
			buildConfigurations = (
				8FC5B2871C48B74E000E2869 /* Debug */,
				8FC5B2881C48B74E000E2869 /* Release */,
			);
			defaultConfigurationIsVisible = 0;
		};
/* End XCConfigurationList section */
	};
	rootObject = 8FC5B26C1C48B74E000E2869 /* Project object */;
}
